
Microsoft Visual Studio Solution File, Format Version 12.00
# Visual Studio Version 17
VisualStudioVersion = 17.13.35825.156
MinimumVisualStudioVersion = 10.0.40219.1
Project("{FAE04EC0-301F-11D3-BF4B-00C04F79EFBC}") = "Models", "Models\Models.csproj", "{05C3ACA5-C4C6-45B8-B4B5-C6791BB7FC50}"
EndProject
Project("{FAE04EC0-301F-11D3-BF4B-00C04F79EFBC}") = "Context", "Context\Context.csproj", "{4BB59755-0284-4FEA-A851-8587948AC915}"
EndProject
Project("{FAE04EC0-301F-11D3-BF4B-00C04F79EFBC}") = "Application", "Application\Application.csproj", "{F4D13D80-2450-4301-929E-3A8334AD310A}"
EndProject
Project("{FAE04EC0-301F-11D3-BF4B-00C04F79EFBC}") = "DTOs", "DTOs\DTOs.csproj", "{CF66E9CB-4ACE-4E4F-8992-BECC95D2CBCC}"
EndProject
Project("{FAE04EC0-301F-11D3-BF4B-00C04F79EFBC}") = "Mappings", "Mappings\Mappings.csproj", "{C3403657-B445-4385-86C1-25BC649166CD}"
EndProject
Project("{FAE04EC0-301F-11D3-BF4B-00C04F79EFBC}") = "ChatAPI", "ChatAPI\ChatAPI.csproj", "{9AF748CA-12A9-4CC6-B725-32A4DE23A0FF}"
EndProject
Global
	GlobalSection(SolutionConfigurationPlatforms) = preSolution
		Debug|Any CPU = Debug|Any CPU
		Release|Any CPU = Release|Any CPU
	EndGlobalSection
	GlobalSection(ProjectConfigurationPlatforms) = postSolution
		{05C3ACA5-C4C6-45B8-B4B5-C6791BB7FC50}.Debug|Any CPU.ActiveCfg = Debug|Any CPU
		{05C3ACA5-C4C6-45B8-B4B5-C6791BB7FC50}.Debug|Any CPU.Build.0 = Debug|Any CPU
		{05C3ACA5-C4C6-45B8-B4B5-C6791BB7FC50}.Release|Any CPU.ActiveCfg = Release|Any CPU
		{05C3ACA5-C4C6-45B8-B4B5-C6791BB7FC50}.Release|Any CPU.Build.0 = Release|Any CPU
		{4BB59755-0284-4FEA-A851-8587948AC915}.Debug|Any CPU.ActiveCfg = Debug|Any CPU
		{4BB59755-0284-4FEA-A851-8587948AC915}.Debug|Any CPU.Build.0 = Debug|Any CPU
		{4BB59755-0284-4FEA-A851-8587948AC915}.Release|Any CPU.ActiveCfg = Release|Any CPU
		{4BB59755-0284-4FEA-A851-8587948AC915}.Release|Any CPU.Build.0 = Release|Any CPU
		{F4D13D80-2450-4301-929E-3A8334AD310A}.Debug|Any CPU.ActiveCfg = Debug|Any CPU
		{F4D13D80-2450-4301-929E-3A8334AD310A}.Debug|Any CPU.Build.0 = Debug|Any CPU
		{F4D13D80-2450-4301-929E-3A8334AD310A}.Release|Any CPU.ActiveCfg = Release|Any CPU
		{F4D13D80-2450-4301-929E-3A8334AD310A}.Release|Any CPU.Build.0 = Release|Any CPU
		{CF66E9CB-4ACE-4E4F-8992-BECC95D2CBCC}.Debug|Any CPU.ActiveCfg = Debug|Any CPU
		{CF66E9CB-4ACE-4E4F-8992-BECC95D2CBCC}.Debug|Any CPU.Build.0 = Debug|Any CPU
		{CF66E9CB-4ACE-4E4F-8992-BECC95D2CBCC}.Release|Any CPU.ActiveCfg = Release|Any CPU
		{CF66E9CB-4ACE-4E4F-8992-BECC95D2CBCC}.Release|Any CPU.Build.0 = Release|Any CPU
		{C3403657-B445-4385-86C1-25BC649166CD}.Debug|Any CPU.ActiveCfg = Debug|Any CPU
		{C3403657-B445-4385-86C1-25BC649166CD}.Debug|Any CPU.Build.0 = Debug|Any CPU
		{C3403657-B445-4385-86C1-25BC649166CD}.Release|Any CPU.ActiveCfg = Release|Any CPU
		{C3403657-B445-4385-86C1-25BC649166CD}.Release|Any CPU.Build.0 = Release|Any CPU
		{9AF748CA-12A9-4CC6-B725-32A4DE23A0FF}.Debug|Any CPU.ActiveCfg = Debug|Any CPU
		{9AF748CA-12A9-4CC6-B725-32A4DE23A0FF}.Debug|Any CPU.Build.0 = Debug|Any CPU
		{9AF748CA-12A9-4CC6-B725-32A4DE23A0FF}.Release|Any CPU.ActiveCfg = Release|Any CPU
		{9AF748CA-12A9-4CC6-B725-32A4DE23A0FF}.Release|Any CPU.Build.0 = Release|Any CPU
	EndGlobalSection
	GlobalSection(SolutionProperties) = preSolution
		HideSolutionNode = FALSE
	EndGlobalSection
	GlobalSection(ExtensibilityGlobals) = postSolution
		SolutionGuid = {44C10F5E-B7CF-43CD-8AFF-991D4D122293}
	EndGlobalSection
EndGlobal
